
Microsoft Visual Studio Solution File, Format Version 12.00
# Visual Studio 15
VisualStudioVersion = 15.0.28010.2026
MinimumVisualStudioVersion = 10.0.40219.1
Project("{8BC9CEB8-8B4A-11D0-8D11-00A0C91BC942}") = "day11_25", "day11_25\day11_25.vcxproj", "{FCA14D47-6F14-4680-8DB6-1E2462A2308F}"
EndProject
Global
	GlobalSection(SolutionConfigurationPlatforms) = preSolution
		Debug|x64 = Debug|x64
		Debug|x86 = Debug|x86
		Release|x64 = Release|x64
		Release|x86 = Release|x86
	EndGlobalSection
	GlobalSection(ProjectConfigurationPlatforms) = postSolution
		{FCA14D47-6F14-4680-8DB6-1E2462A2308F}.Debug|x64.ActiveCfg = Debug|x64
		{FCA14D47-6F14-4680-8DB6-1E2462A2308F}.Debug|x64.Build.0 = Debug|x64
		{FCA14D47-6F14-4680-8DB6-1E2462A2308F}.Debug|x86.ActiveCfg = Debug|Win32
		{FCA14D47-6F14-4680-8DB6-1E2462A2308F}.Debug|x86.Build.0 = Debug|Win32
		{FCA14D47-6F14-4680-8DB6-1E2462A2308F}.Release|x64.ActiveCfg = Release|x64
		{FCA14D47-6F14-4680-8DB6-1E2462A2308F}.Release|x64.Build.0 = Release|x64
		{FCA14D47-6F14-4680-8DB6-1E2462A2308F}.Release|x86.ActiveCfg = Release|Win32
		{FCA14D47-6F14-4680-8DB6-1E2462A2308F}.Release|x86.Build.0 = Release|Win32
	EndGlobalSection
	GlobalSection(SolutionProperties) = preSolution
		HideSolutionNode = FALSE
	EndGlobalSection
	GlobalSection(ExtensibilityGlobals) = postSolution
		SolutionGuid = {0B868514-1EC7-41FF-AA17-6EF5736F7B3E}
	EndGlobalSection
EndGlobal
