
Microsoft Visual Studio Solution File, Format Version 12.00
# Visual Studio 15
VisualStudioVersion = 15.0.28010.2026
MinimumVisualStudioVersion = 10.0.40219.1
Project("{8BC9CEB8-8B4A-11D0-8D11-00A0C91BC942}") = "day10_26", "day10_26\day10_26.vcxproj", "{47E00994-6AAA-44B0-B146-64CBD8BA3521}"
EndProject
Global
	GlobalSection(SolutionConfigurationPlatforms) = preSolution
		Debug|x64 = Debug|x64
		Debug|x86 = Debug|x86
		Release|x64 = Release|x64
		Release|x86 = Release|x86
	EndGlobalSection
	GlobalSection(ProjectConfigurationPlatforms) = postSolution
		{47E00994-6AAA-44B0-B146-64CBD8BA3521}.Debug|x64.ActiveCfg = Debug|x64
		{47E00994-6AAA-44B0-B146-64CBD8BA3521}.Debug|x64.Build.0 = Debug|x64
		{47E00994-6AAA-44B0-B146-64CBD8BA3521}.Debug|x86.ActiveCfg = Debug|Win32
		{47E00994-6AAA-44B0-B146-64CBD8BA3521}.Debug|x86.Build.0 = Debug|Win32
		{47E00994-6AAA-44B0-B146-64CBD8BA3521}.Release|x64.ActiveCfg = Release|x64
		{47E00994-6AAA-44B0-B146-64CBD8BA3521}.Release|x64.Build.0 = Release|x64
		{47E00994-6AAA-44B0-B146-64CBD8BA3521}.Release|x86.ActiveCfg = Release|Win32
		{47E00994-6AAA-44B0-B146-64CBD8BA3521}.Release|x86.Build.0 = Release|Win32
	EndGlobalSection
	GlobalSection(SolutionProperties) = preSolution
		HideSolutionNode = FALSE
	EndGlobalSection
	GlobalSection(ExtensibilityGlobals) = postSolution
		SolutionGuid = {E5043C26-811F-402E-804C-546EDFE0FB79}
	EndGlobalSection
EndGlobal
