
Microsoft Visual Studio Solution File, Format Version 12.00
# Visual Studio 15
VisualStudioVersion = 15.0.28010.2026
MinimumVisualStudioVersion = 10.0.40219.1
Project("{8BC9CEB8-8B4A-11D0-8D11-00A0C91BC942}") = "day11_10", "day11_10\day11_10.vcxproj", "{66D23387-9C2A-4587-8DE4-6BFC4DF47981}"
EndProject
Global
	GlobalSection(SolutionConfigurationPlatforms) = preSolution
		Debug|x64 = Debug|x64
		Debug|x86 = Debug|x86
		Release|x64 = Release|x64
		Release|x86 = Release|x86
	EndGlobalSection
	GlobalSection(ProjectConfigurationPlatforms) = postSolution
		{66D23387-9C2A-4587-8DE4-6BFC4DF47981}.Debug|x64.ActiveCfg = Debug|x64
		{66D23387-9C2A-4587-8DE4-6BFC4DF47981}.Debug|x64.Build.0 = Debug|x64
		{66D23387-9C2A-4587-8DE4-6BFC4DF47981}.Debug|x86.ActiveCfg = Debug|Win32
		{66D23387-9C2A-4587-8DE4-6BFC4DF47981}.Debug|x86.Build.0 = Debug|Win32
		{66D23387-9C2A-4587-8DE4-6BFC4DF47981}.Release|x64.ActiveCfg = Release|x64
		{66D23387-9C2A-4587-8DE4-6BFC4DF47981}.Release|x64.Build.0 = Release|x64
		{66D23387-9C2A-4587-8DE4-6BFC4DF47981}.Release|x86.ActiveCfg = Release|Win32
		{66D23387-9C2A-4587-8DE4-6BFC4DF47981}.Release|x86.Build.0 = Release|Win32
	EndGlobalSection
	GlobalSection(SolutionProperties) = preSolution
		HideSolutionNode = FALSE
	EndGlobalSection
	GlobalSection(ExtensibilityGlobals) = postSolution
		SolutionGuid = {A7272294-E2F5-4D06-97A6-6EB61D33AE13}
	EndGlobalSection
EndGlobal
