
Microsoft Visual Studio Solution File, Format Version 12.00
# Visual Studio 15
VisualStudioVersion = 15.0.28010.2026
MinimumVisualStudioVersion = 10.0.40219.1
Project("{8BC9CEB8-8B4A-11D0-8D11-00A0C91BC942}") = "day_test3_4", "day_test3_4\day_test3_4.vcxproj", "{0BF31410-A7D1-480F-BD8E-E42014D3C215}"
EndProject
Global
	GlobalSection(SolutionConfigurationPlatforms) = preSolution
		Debug|x64 = Debug|x64
		Debug|x86 = Debug|x86
		Release|x64 = Release|x64
		Release|x86 = Release|x86
	EndGlobalSection
	GlobalSection(ProjectConfigurationPlatforms) = postSolution
		{0BF31410-A7D1-480F-BD8E-E42014D3C215}.Debug|x64.ActiveCfg = Debug|x64
		{0BF31410-A7D1-480F-BD8E-E42014D3C215}.Debug|x64.Build.0 = Debug|x64
		{0BF31410-A7D1-480F-BD8E-E42014D3C215}.Debug|x86.ActiveCfg = Debug|Win32
		{0BF31410-A7D1-480F-BD8E-E42014D3C215}.Debug|x86.Build.0 = Debug|Win32
		{0BF31410-A7D1-480F-BD8E-E42014D3C215}.Release|x64.ActiveCfg = Release|x64
		{0BF31410-A7D1-480F-BD8E-E42014D3C215}.Release|x64.Build.0 = Release|x64
		{0BF31410-A7D1-480F-BD8E-E42014D3C215}.Release|x86.ActiveCfg = Release|Win32
		{0BF31410-A7D1-480F-BD8E-E42014D3C215}.Release|x86.Build.0 = Release|Win32
	EndGlobalSection
	GlobalSection(SolutionProperties) = preSolution
		HideSolutionNode = FALSE
	EndGlobalSection
	GlobalSection(ExtensibilityGlobals) = postSolution
		SolutionGuid = {39368B51-EE54-48B6-A058-86F9DA5CF634}
	EndGlobalSection
EndGlobal
